
Microsoft Visual Studio Solution File, Format Version 12.00
# Visual Studio Version 17
VisualStudioVersion = 17.4.33103.184
MinimumVisualStudioVersion = 10.0.40219.1
Project("{9A19103F-16F7-4668-BE54-9A1E7A4F7556}") = "Day01", "Day01\Day01.csproj", "{3FDA4779-CCF2-4C1C-8210-1010B56F35B9}"
EndProject
Project("{9A19103F-16F7-4668-BE54-9A1E7A4F7556}") = "Day02", "Day02\Day02.csproj", "{A401C772-9A89-4926-A741-CCA16590D1FF}"
EndProject
Project("{9A19103F-16F7-4668-BE54-9A1E7A4F7556}") = "Day03", "Day03\Day03.csproj", "{E0C8DBE7-58B7-431B-9932-B15CF4A49F77}"
EndProject
Project("{9A19103F-16F7-4668-BE54-9A1E7A4F7556}") = "Day04", "Day04\Day04.csproj", "{B8542472-8303-4486-B5F4-4C6BCC535C64}"
EndProject
Project("{9A19103F-16F7-4668-BE54-9A1E7A4F7556}") = "Day05", "Day05\Day05.csproj", "{20471FE7-E0A1-4E3D-BCCD-2A09003C78A5}"
EndProject
Project("{9A19103F-16F7-4668-BE54-9A1E7A4F7556}") = "Day06", "Day06\Day06.csproj", "{67DCE556-AE0C-46D9-8C93-727A9AD8E529}"
EndProject
Project("{9A19103F-16F7-4668-BE54-9A1E7A4F7556}") = "AdventOfCode.Tools", "AdventOfCode.Tools\AdventOfCode.Tools.csproj", "{EC14B1AE-D1AD-438C-AA57-B03699C60951}"
EndProject
Project("{9A19103F-16F7-4668-BE54-9A1E7A4F7556}") = "Day07", "Day07\Day07.csproj", "{21AD5305-3090-484F-81B9-2251EA502D5B}"
EndProject
Project("{9A19103F-16F7-4668-BE54-9A1E7A4F7556}") = "Day08", "Day08\Day08.csproj", "{26FB779F-B1C3-4542-B746-7ECF98D92AB9}"
EndProject
Project("{9A19103F-16F7-4668-BE54-9A1E7A4F7556}") = "Day09", "Day09\Day09.csproj", "{7800FA2E-09B3-4E75-B73C-AB99809B70EC}"
EndProject
Project("{9A19103F-16F7-4668-BE54-9A1E7A4F7556}") = "Day10", "Day10\Day10.csproj", "{D478CEA3-B5A0-49FE-8BAA-180BE51F0F6D}"
EndProject
Project("{9A19103F-16F7-4668-BE54-9A1E7A4F7556}") = "Day11", "Day11\Day11.csproj", "{1373BAB6-09E9-47BD-836C-575498FF068F}"
EndProject
Project("{9A19103F-16F7-4668-BE54-9A1E7A4F7556}") = "Day12", "Day12\Day12.csproj", "{4F3BD6AF-624F-4526-B879-4B004FFEDEB9}"
EndProject
Project("{FAE04EC0-301F-11D3-BF4B-00C04F79EFBC}") = "Day13", "Day13\Day13.csproj", "{E3BD0550-8DF5-4BBF-B5C3-C67118605E97}"
EndProject
Global
	GlobalSection(SolutionConfigurationPlatforms) = preSolution
		Debug|Any CPU = Debug|Any CPU
		Release|Any CPU = Release|Any CPU
	EndGlobalSection
	GlobalSection(ProjectConfigurationPlatforms) = postSolution
		{3FDA4779-CCF2-4C1C-8210-1010B56F35B9}.Debug|Any CPU.ActiveCfg = Debug|Any CPU
		{3FDA4779-CCF2-4C1C-8210-1010B56F35B9}.Debug|Any CPU.Build.0 = Debug|Any CPU
		{3FDA4779-CCF2-4C1C-8210-1010B56F35B9}.Release|Any CPU.ActiveCfg = Release|Any CPU
		{3FDA4779-CCF2-4C1C-8210-1010B56F35B9}.Release|Any CPU.Build.0 = Release|Any CPU
		{A401C772-9A89-4926-A741-CCA16590D1FF}.Debug|Any CPU.ActiveCfg = Debug|Any CPU
		{A401C772-9A89-4926-A741-CCA16590D1FF}.Debug|Any CPU.Build.0 = Debug|Any CPU
		{A401C772-9A89-4926-A741-CCA16590D1FF}.Release|Any CPU.ActiveCfg = Release|Any CPU
		{A401C772-9A89-4926-A741-CCA16590D1FF}.Release|Any CPU.Build.0 = Release|Any CPU
		{E0C8DBE7-58B7-431B-9932-B15CF4A49F77}.Debug|Any CPU.ActiveCfg = Debug|Any CPU
		{E0C8DBE7-58B7-431B-9932-B15CF4A49F77}.Debug|Any CPU.Build.0 = Debug|Any CPU
		{E0C8DBE7-58B7-431B-9932-B15CF4A49F77}.Release|Any CPU.ActiveCfg = Release|Any CPU
		{E0C8DBE7-58B7-431B-9932-B15CF4A49F77}.Release|Any CPU.Build.0 = Release|Any CPU
		{B8542472-8303-4486-B5F4-4C6BCC535C64}.Debug|Any CPU.ActiveCfg = Debug|Any CPU
		{B8542472-8303-4486-B5F4-4C6BCC535C64}.Debug|Any CPU.Build.0 = Debug|Any CPU
		{B8542472-8303-4486-B5F4-4C6BCC535C64}.Release|Any CPU.ActiveCfg = Release|Any CPU
		{B8542472-8303-4486-B5F4-4C6BCC535C64}.Release|Any CPU.Build.0 = Release|Any CPU
		{20471FE7-E0A1-4E3D-BCCD-2A09003C78A5}.Debug|Any CPU.ActiveCfg = Debug|Any CPU
		{20471FE7-E0A1-4E3D-BCCD-2A09003C78A5}.Debug|Any CPU.Build.0 = Debug|Any CPU
		{20471FE7-E0A1-4E3D-BCCD-2A09003C78A5}.Release|Any CPU.ActiveCfg = Release|Any CPU
		{20471FE7-E0A1-4E3D-BCCD-2A09003C78A5}.Release|Any CPU.Build.0 = Release|Any CPU
		{67DCE556-AE0C-46D9-8C93-727A9AD8E529}.Debug|Any CPU.ActiveCfg = Debug|Any CPU
		{67DCE556-AE0C-46D9-8C93-727A9AD8E529}.Debug|Any CPU.Build.0 = Debug|Any CPU
		{67DCE556-AE0C-46D9-8C93-727A9AD8E529}.Release|Any CPU.ActiveCfg = Release|Any CPU
		{67DCE556-AE0C-46D9-8C93-727A9AD8E529}.Release|Any CPU.Build.0 = Release|Any CPU
		{EC14B1AE-D1AD-438C-AA57-B03699C60951}.Debug|Any CPU.ActiveCfg = Debug|Any CPU
		{EC14B1AE-D1AD-438C-AA57-B03699C60951}.Debug|Any CPU.Build.0 = Debug|Any CPU
		{EC14B1AE-D1AD-438C-AA57-B03699C60951}.Release|Any CPU.ActiveCfg = Release|Any CPU
		{EC14B1AE-D1AD-438C-AA57-B03699C60951}.Release|Any CPU.Build.0 = Release|Any CPU
		{21AD5305-3090-484F-81B9-2251EA502D5B}.Debug|Any CPU.ActiveCfg = Debug|Any CPU
		{21AD5305-3090-484F-81B9-2251EA502D5B}.Debug|Any CPU.Build.0 = Debug|Any CPU
		{21AD5305-3090-484F-81B9-2251EA502D5B}.Release|Any CPU.ActiveCfg = Release|Any CPU
		{21AD5305-3090-484F-81B9-2251EA502D5B}.Release|Any CPU.Build.0 = Release|Any CPU
		{26FB779F-B1C3-4542-B746-7ECF98D92AB9}.Debug|Any CPU.ActiveCfg = Debug|Any CPU
		{26FB779F-B1C3-4542-B746-7ECF98D92AB9}.Debug|Any CPU.Build.0 = Debug|Any CPU
		{26FB779F-B1C3-4542-B746-7ECF98D92AB9}.Release|Any CPU.ActiveCfg = Release|Any CPU
		{26FB779F-B1C3-4542-B746-7ECF98D92AB9}.Release|Any CPU.Build.0 = Release|Any CPU
		{7800FA2E-09B3-4E75-B73C-AB99809B70EC}.Debug|Any CPU.ActiveCfg = Debug|Any CPU
		{7800FA2E-09B3-4E75-B73C-AB99809B70EC}.Debug|Any CPU.Build.0 = Debug|Any CPU
		{7800FA2E-09B3-4E75-B73C-AB99809B70EC}.Release|Any CPU.ActiveCfg = Release|Any CPU
		{7800FA2E-09B3-4E75-B73C-AB99809B70EC}.Release|Any CPU.Build.0 = Release|Any CPU
		{D478CEA3-B5A0-49FE-8BAA-180BE51F0F6D}.Debug|Any CPU.ActiveCfg = Debug|Any CPU
		{D478CEA3-B5A0-49FE-8BAA-180BE51F0F6D}.Debug|Any CPU.Build.0 = Debug|Any CPU
		{D478CEA3-B5A0-49FE-8BAA-180BE51F0F6D}.Release|Any CPU.ActiveCfg = Release|Any CPU
		{D478CEA3-B5A0-49FE-8BAA-180BE51F0F6D}.Release|Any CPU.Build.0 = Release|Any CPU
		{1373BAB6-09E9-47BD-836C-575498FF068F}.Debug|Any CPU.ActiveCfg = Debug|Any CPU
		{1373BAB6-09E9-47BD-836C-575498FF068F}.Debug|Any CPU.Build.0 = Debug|Any CPU
		{1373BAB6-09E9-47BD-836C-575498FF068F}.Release|Any CPU.ActiveCfg = Release|Any CPU
		{1373BAB6-09E9-47BD-836C-575498FF068F}.Release|Any CPU.Build.0 = Release|Any CPU
		{4F3BD6AF-624F-4526-B879-4B004FFEDEB9}.Debug|Any CPU.ActiveCfg = Debug|Any CPU
		{4F3BD6AF-624F-4526-B879-4B004FFEDEB9}.Debug|Any CPU.Build.0 = Debug|Any CPU
		{4F3BD6AF-624F-4526-B879-4B004FFEDEB9}.Release|Any CPU.ActiveCfg = Release|Any CPU
		{4F3BD6AF-624F-4526-B879-4B004FFEDEB9}.Release|Any CPU.Build.0 = Release|Any CPU
		{E3BD0550-8DF5-4BBF-B5C3-C67118605E97}.Debug|Any CPU.ActiveCfg = Debug|Any CPU
		{E3BD0550-8DF5-4BBF-B5C3-C67118605E97}.Debug|Any CPU.Build.0 = Debug|Any CPU
		{E3BD0550-8DF5-4BBF-B5C3-C67118605E97}.Release|Any CPU.ActiveCfg = Release|Any CPU
		{E3BD0550-8DF5-4BBF-B5C3-C67118605E97}.Release|Any CPU.Build.0 = Release|Any CPU
	EndGlobalSection
	GlobalSection(SolutionProperties) = preSolution
		HideSolutionNode = FALSE
	EndGlobalSection
	GlobalSection(ExtensibilityGlobals) = postSolution
		SolutionGuid = {A340AD74-9AAB-4BC8-AAEF-CA4C87D1375E}
	EndGlobalSection
EndGlobal
